
Microsoft Visual Studio Solution File, Format Version 12.00
# Visual Studio Version 17
VisualStudioVersion = 17.14.37111.16
MinimumVisualStudioVersion = 10.0.40219.1
Project("{FAE04EC0-301F-11D3-BF4B-00C04F79EFBC}") = "OrderAPI", "OrderAPI\OrderAPI.csproj", "{2C81DB3B-ACBB-405A-A0B9-5E4867D61986}"
EndProject
Project("{FAE04EC0-301F-11D3-BF4B-00C04F79EFBC}") = "OrderAPI.DAL", "OrderAPI.DAL\OrderAPI.DAL.csproj", "{DE5799D4-0BA0-4BBC-8C00-041168CE16D2}"
EndProject
Project("{FAE04EC0-301F-11D3-BF4B-00C04F79EFBC}") = "OrderAPI.Core", "OrderAPI.Core\OrderAPI.Core.csproj", "{5FA705EA-B61A-470E-9FD7-CE7AB6F5A4F1}"
EndProject
Project("{FAE04EC0-301F-11D3-BF4B-00C04F79EFBC}") = "OrderAPI.Domain", "OrderAPI.Domain\OrderAPI.Domain.csproj", "{3F8A1234-BCDE-4567-89AB-CDEF01234567}"
EndProject
Global
	GlobalSection(SolutionConfigurationPlatforms) = preSolution
		Debug|Any CPU = Debug|Any CPU
		Release|Any CPU = Release|Any CPU
	EndGlobalSection
	GlobalSection(ProjectConfigurationPlatforms) = postSolution
		{2C81DB3B-ACBB-405A-A0B9-5E4867D61986}.Debug|Any CPU.ActiveCfg = Debug|Any CPU
		{2C81DB3B-ACBB-405A-A0B9-5E4867D61986}.Debug|Any CPU.Build.0 = Debug|Any CPU
		{2C81DB3B-ACBB-405A-A0B9-5E4867D61986}.Release|Any CPU.ActiveCfg = Release|Any CPU
		{2C81DB3B-ACBB-405A-A0B9-5E4867D61986}.Release|Any CPU.Build.0 = Release|Any CPU
		{DE5799D4-0BA0-4BBC-8C00-041168CE16D2}.Debug|Any CPU.ActiveCfg = Debug|Any CPU
		{DE5799D4-0BA0-4BBC-8C00-041168CE16D2}.Debug|Any CPU.Build.0 = Debug|Any CPU
		{DE5799D4-0BA0-4BBC-8C00-041168CE16D2}.Release|Any CPU.ActiveCfg = Release|Any CPU
		{DE5799D4-0BA0-4BBC-8C00-041168CE16D2}.Release|Any CPU.Build.0 = Release|Any CPU
		{5FA705EA-B61A-470E-9FD7-CE7AB6F5A4F1}.Debug|Any CPU.ActiveCfg = Debug|Any CPU
		{5FA705EA-B61A-470E-9FD7-CE7AB6F5A4F1}.Debug|Any CPU.Build.0 = Debug|Any CPU
		{5FA705EA-B61A-470E-9FD7-CE7AB6F5A4F1}.Release|Any CPU.ActiveCfg = Release|Any CPU
		{5FA705EA-B61A-470E-9FD7-CE7AB6F5A4F1}.Release|Any CPU.Build.0 = Release|Any CPU
		{3F8A1234-BCDE-4567-89AB-CDEF01234567}.Debug|Any CPU.ActiveCfg = Debug|Any CPU
		{3F8A1234-BCDE-4567-89AB-CDEF01234567}.Debug|Any CPU.Build.0 = Debug|Any CPU
		{3F8A1234-BCDE-4567-89AB-CDEF01234567}.Release|Any CPU.ActiveCfg = Release|Any CPU
		{3F8A1234-BCDE-4567-89AB-CDEF01234567}.Release|Any CPU.Build.0 = Release|Any CPU	EndGlobalSection
	GlobalSection(SolutionProperties) = preSolution
		HideSolutionNode = FALSE
	EndGlobalSection
	GlobalSection(ExtensibilityGlobals) = postSolution
		SolutionGuid = {528004EA-26E4-468F-B095-B8027F7192B3}
	EndGlobalSection
EndGlobal
